
Microsoft Visual Studio Solution File, Format Version 12.00
# Visual Studio Version 17
VisualStudioVersion = 17.4.33403.182
MinimumVisualStudioVersion = 10.0.40219.1
Project("{FAE04EC0-301F-11D3-BF4B-00C04F79EFBC}") = "Arreglos_HT Angel Perez", "Arreglos_HT Angel Perez\Arreglos_HT Angel Perez.csproj", "{66B853F8-EE3B-4D5F-BFB1-A139E95B8356}"
EndProject
Global
	GlobalSection(SolutionConfigurationPlatforms) = preSolution
		Debug|Any CPU = Debug|Any CPU
		Release|Any CPU = Release|Any CPU
	EndGlobalSection
	GlobalSection(ProjectConfigurationPlatforms) = postSolution
		{66B853F8-EE3B-4D5F-BFB1-A139E95B8356}.Debug|Any CPU.ActiveCfg = Debug|Any CPU
		{66B853F8-EE3B-4D5F-BFB1-A139E95B8356}.Debug|Any CPU.Build.0 = Debug|Any CPU
		{66B853F8-EE3B-4D5F-BFB1-A139E95B8356}.Release|Any CPU.ActiveCfg = Release|Any CPU
		{66B853F8-EE3B-4D5F-BFB1-A139E95B8356}.Release|Any CPU.Build.0 = Release|Any CPU
	EndGlobalSection
	GlobalSection(SolutionProperties) = preSolution
		HideSolutionNode = FALSE
	EndGlobalSection
	GlobalSection(ExtensibilityGlobals) = postSolution
		SolutionGuid = {CB479BD5-3AFD-49A0-BF1B-7D628A6FCB0F}
	EndGlobalSection
EndGlobal
